// !$*UTF8*$!
{
	archiveVersion = 1;
	classes = {
	};
	objectVersion = 56;
	objects = {

/* Begin PBXBuildFile section */
		E412E0E02AA604C9003C3F0B /* ContactApp.swift in Sources */ = {isa = PBXBuildFile; fileRef = E412E0DF2AA604C9003C3F0B /* ContactApp.swift */; };
		E412E0E22AA604C9003C3F0B /* ContactListView.swift in Sources */ = {isa = PBXBuildFile; fileRef = E412E0E12AA604C9003C3F0B /* ContactListView.swift */; };
		E412E0E42AA604CC003C3F0B /* Assets.xcassets in Resources */ = {isa = PBXBuildFile; fileRef = E412E0E32AA604CC003C3F0B /* Assets.xcassets */; };
		E412E0E72AA604CC003C3F0B /* Preview Assets.xcassets in Resources */ = {isa = PBXBuildFile; fileRef = E412E0E62AA604CC003C3F0B /* Preview Assets.xcassets */; };
		E412E0F12AA604CD003C3F0B /* ContactAppTests.swift in Sources */ = {isa = PBXBuildFile; fileRef = E412E0F02AA604CD003C3F0B /* ContactAppTests.swift */; };
		E412E10A2AA6059F003C3F0B /* Contact.swift in Sources */ = {isa = PBXBuildFile; fileRef = E412E1092AA6059F003C3F0B /* Contact.swift */; };
		E412E10C2AA607BB003C3F0B /* ContactDetailView.swift in Sources */ = {isa = PBXBuildFile; fileRef = E412E10B2AA607BB003C3F0B /* ContactDetailView.swift */; };
		E4241C242AB07C1700C74540 /* CPData.swift in Sources */ = {isa = PBXBuildFile; fileRef = E4241C232AB07C1700C74540 /* CPData.swift */; };
		E4241C262AB07F8A00C74540 /* Decoder.swift in Sources */ = {isa = PBXBuildFile; fileRef = E4241C252AB07F8A00C74540 /* Decoder.swift */; };
		E4241C2A2AB0AF2C00C74540 /* CountryNumbers.json in Resources */ = {isa = PBXBuildFile; fileRef = E4241C292AB086AC00C74540 /* CountryNumbers.json */; };
		E4595B6D2ADECD5A006A1263 /* DemoContacts.json in Resources */ = {isa = PBXBuildFile; fileRef = E4595B6C2ADECD59006A1263 /* DemoContacts.json */; };
		E4595B702ADED7F2006A1263 /* KeychainSwift in Frameworks */ = {isa = PBXBuildFile; productRef = E4595B6F2ADED7F2006A1263 /* KeychainSwift */; };
		E4595B732ADEDF85006A1263 /* FavoritesView.swift in Sources */ = {isa = PBXBuildFile; fileRef = E4595B722ADEDF85006A1263 /* FavoritesView.swift */; };
		E46942A92AA65D22007D00F8 /* AddContactView.swift in Sources */ = {isa = PBXBuildFile; fileRef = E46942A82AA65D22007D00F8 /* AddContactView.swift */; };
		E4C8ECFD2AE6A37300F98EF0 /* CircleImage.swift in Sources */ = {isa = PBXBuildFile; fileRef = E4C8ECFC2AE6A37300F98EF0 /* CircleImage.swift */; };
		E4C8ECFF2AE6A9D000F98EF0 /* OnBoardingButtonStyle.swift in Sources */ = {isa = PBXBuildFile; fileRef = E4C8ECFE2AE6A9D000F98EF0 /* OnBoardingButtonStyle.swift */; };
		E4C8ED012AE6ABB700F98EF0 /* ListItemView.swift in Sources */ = {isa = PBXBuildFile; fileRef = E4C8ED002AE6ABB700F98EF0 /* ListItemView.swift */; };
		E4C8ED032AE6AFB100F98EF0 /* CountryCodesView.swift in Sources */ = {isa = PBXBuildFile; fileRef = E4C8ED022AE6AFB100F98EF0 /* CountryCodesView.swift */; };
		E4C8ED052AE6B6B500F98EF0 /* InputFieldViewModifier.swift in Sources */ = {isa = PBXBuildFile; fileRef = E4C8ED042AE6B6B500F98EF0 /* InputFieldViewModifier.swift */; };
		E4EDA86B2AC1D52900BF2ADD /* ProfileView.swift in Sources */ = {isa = PBXBuildFile; fileRef = E4EDA86A2AC1D52900BF2ADD /* ProfileView.swift */; };
		E4EDA86D2AC1D6A000BF2ADD /* SettingsView.swift in Sources */ = {isa = PBXBuildFile; fileRef = E4EDA86C2AC1D6A000BF2ADD /* SettingsView.swift */; };
/* End PBXBuildFile section */

/* Begin PBXContainerItemProxy section */
		E412E0ED2AA604CD003C3F0B /* PBXContainerItemProxy */ = {
			isa = PBXContainerItemProxy;
			containerPortal = E412E0D42AA604C9003C3F0B /* Project object */;
			proxyType = 1;
			remoteGlobalIDString = E412E0DB2AA604C9003C3F0B;
			remoteInfo = Lecture3;
		};
/* End PBXContainerItemProxy section */

/* Begin PBXFileReference section */
		E412E0DC2AA604C9003C3F0B /* ContactApp.app */ = {isa = PBXFileReference; explicitFileType = wrapper.application; includeInIndex = 0; path = ContactApp.app; sourceTree = BUILT_PRODUCTS_DIR; };
		E412E0DF2AA604C9003C3F0B /* ContactApp.swift */ = {isa = PBXFileReference; lastKnownFileType = sourcecode.swift; path = ContactApp.swift; sourceTree = "<group>"; };
		E412E0E12AA604C9003C3F0B /* ContactListView.swift */ = {isa = PBXFileReference; lastKnownFileType = sourcecode.swift; path = ContactListView.swift; sourceTree = "<group>"; };
		E412E0E32AA604CC003C3F0B /* Assets.xcassets */ = {isa = PBXFileReference; lastKnownFileType = folder.assetcatalog; path = Assets.xcassets; sourceTree = "<group>"; };
		E412E0E62AA604CC003C3F0B /* Preview Assets.xcassets */ = {isa = PBXFileReference; lastKnownFileType = folder.assetcatalog; path = "Preview Assets.xcassets"; sourceTree = "<group>"; };
		E412E0EC2AA604CD003C3F0B /* ContactAppTests.xctest */ = {isa = PBXFileReference; explicitFileType = wrapper.cfbundle; includeInIndex = 0; path = ContactAppTests.xctest; sourceTree = BUILT_PRODUCTS_DIR; };
		E412E0F02AA604CD003C3F0B /* ContactAppTests.swift */ = {isa = PBXFileReference; lastKnownFileType = sourcecode.swift; path = ContactAppTests.swift; sourceTree = "<group>"; };
		E412E1092AA6059F003C3F0B /* Contact.swift */ = {isa = PBXFileReference; lastKnownFileType = sourcecode.swift; path = Contact.swift; sourceTree = "<group>"; };
		E412E10B2AA607BB003C3F0B /* ContactDetailView.swift */ = {isa = PBXFileReference; lastKnownFileType = sourcecode.swift; path = ContactDetailView.swift; sourceTree = "<group>"; };
		E4241C232AB07C1700C74540 /* CPData.swift */ = {isa = PBXFileReference; lastKnownFileType = sourcecode.swift; path = CPData.swift; sourceTree = "<group>"; };
		E4241C252AB07F8A00C74540 /* Decoder.swift */ = {isa = PBXFileReference; lastKnownFileType = sourcecode.swift; path = Decoder.swift; sourceTree = "<group>"; };
		E4241C292AB086AC00C74540 /* CountryNumbers.json */ = {isa = PBXFileReference; explicitFileType = text.json; path = CountryNumbers.json; sourceTree = "<group>"; };
		E4595B6C2ADECD59006A1263 /* DemoContacts.json */ = {isa = PBXFileReference; explicitFileType = text.json; path = DemoContacts.json; sourceTree = "<group>"; };
		E4595B722ADEDF85006A1263 /* FavoritesView.swift */ = {isa = PBXFileReference; lastKnownFileType = sourcecode.swift; path = FavoritesView.swift; sourceTree = "<group>"; };
		E46942A82AA65D22007D00F8 /* AddContactView.swift */ = {isa = PBXFileReference; lastKnownFileType = sourcecode.swift; path = AddContactView.swift; sourceTree = "<group>"; };
		E4C8ECFC2AE6A37300F98EF0 /* CircleImage.swift */ = {isa = PBXFileReference; lastKnownFileType = sourcecode.swift; path = CircleImage.swift; sourceTree = "<group>"; };
		E4C8ECFE2AE6A9D000F98EF0 /* OnBoardingButtonStyle.swift */ = {isa = PBXFileReference; lastKnownFileType = sourcecode.swift; path = OnBoardingButtonStyle.swift; sourceTree = "<group>"; };
		E4C8ED002AE6ABB700F98EF0 /* ListItemView.swift */ = {isa = PBXFileReference; lastKnownFileType = sourcecode.swift; path = ListItemView.swift; sourceTree = "<group>"; };
		E4C8ED022AE6AFB100F98EF0 /* CountryCodesView.swift */ = {isa = PBXFileReference; lastKnownFileType = sourcecode.swift; path = CountryCodesView.swift; sourceTree = "<group>"; };
		E4C8ED042AE6B6B500F98EF0 /* InputFieldViewModifier.swift */ = {isa = PBXFileReference; lastKnownFileType = sourcecode.swift; path = InputFieldViewModifier.swift; sourceTree = "<group>"; };
		E4EDA86A2AC1D52900BF2ADD /* ProfileView.swift */ = {isa = PBXFileReference; lastKnownFileType = sourcecode.swift; path = ProfileView.swift; sourceTree = "<group>"; };
		E4EDA86C2AC1D6A000BF2ADD /* SettingsView.swift */ = {isa = PBXFileReference; lastKnownFileType = sourcecode.swift; path = SettingsView.swift; sourceTree = "<group>"; };
/* End PBXFileReference section */

/* Begin PBXFrameworksBuildPhase section */
		E412E0D92AA604C9003C3F0B /* Frameworks */ = {
			isa = PBXFrameworksBuildPhase;
			buildActionMask = 2147483647;
			files = (
				E4595B702ADED7F2006A1263 /* KeychainSwift in Frameworks */,
			);
			runOnlyForDeploymentPostprocessing = 0;
		};
		E412E0E92AA604CD003C3F0B /* Frameworks */ = {
			isa = PBXFrameworksBuildPhase;
			buildActionMask = 2147483647;
			files = (
			);
			runOnlyForDeploymentPostprocessing = 0;
		};
/* End PBXFrameworksBuildPhase section */

/* Begin PBXGroup section */
		E412E0D32AA604C9003C3F0B = {
			isa = PBXGroup;
			children = (
				E412E0DE2AA604C9003C3F0B /* ContactApp */,
				E412E0EF2AA604CD003C3F0B /* ContactAppTests */,
				E412E0DD2AA604C9003C3F0B /* Products */,
				E4595B6E2ADED7F2006A1263 /* Frameworks */,
			);
			sourceTree = "<group>";
		};
		E412E0DD2AA604C9003C3F0B /* Products */ = {
			isa = PBXGroup;
			children = (
				E412E0DC2AA604C9003C3F0B /* ContactApp.app */,
				E412E0EC2AA604CD003C3F0B /* ContactAppTests.xctest */,
			);
			name = Products;
			sourceTree = "<group>";
		};
		E412E0DE2AA604C9003C3F0B /* ContactApp */ = {
			isa = PBXGroup;
			children = (
				E412E0DF2AA604C9003C3F0B /* ContactApp.swift */,
				E4C8ECFB2AE6A35A00F98EF0 /* UI */,
				E4595B712ADEDED4006A1263 /* ViewModifiers */,
				E4595B692ADEC9F0006A1263 /* Views */,
				E4595B6A2ADECA26006A1263 /* Data */,
				E412E0E32AA604CC003C3F0B /* Assets.xcassets */,
				E412E0E52AA604CC003C3F0B /* Preview Content */,
			);
			path = ContactApp;
			sourceTree = "<group>";
		};
		E412E0E52AA604CC003C3F0B /* Preview Content */ = {
			isa = PBXGroup;
			children = (
				E412E0E62AA604CC003C3F0B /* Preview Assets.xcassets */,
			);
			path = "Preview Content";
			sourceTree = "<group>";
		};
		E412E0EF2AA604CD003C3F0B /* ContactAppTests */ = {
			isa = PBXGroup;
			children = (
				E412E0F02AA604CD003C3F0B /* ContactAppTests.swift */,
			);
			path = ContactAppTests;
			sourceTree = "<group>";
		};
		E4595B692ADEC9F0006A1263 /* Views */ = {
			isa = PBXGroup;
			children = (
				E46942A82AA65D22007D00F8 /* AddContactView.swift */,
				E412E10B2AA607BB003C3F0B /* ContactDetailView.swift */,
				E412E0E12AA604C9003C3F0B /* ContactListView.swift */,
				E4EDA86A2AC1D52900BF2ADD /* ProfileView.swift */,
				E4EDA86C2AC1D6A000BF2ADD /* SettingsView.swift */,
				E4595B722ADEDF85006A1263 /* FavoritesView.swift */,
				E4C8ED002AE6ABB700F98EF0 /* ListItemView.swift */,
				E4C8ED022AE6AFB100F98EF0 /* CountryCodesView.swift */,
			);
			path = Views;
			sourceTree = "<group>";
		};
		E4595B6A2ADECA26006A1263 /* Data */ = {
			isa = PBXGroup;
			children = (
				E412E1092AA6059F003C3F0B /* Contact.swift */,
				E4241C252AB07F8A00C74540 /* Decoder.swift */,
				E4241C232AB07C1700C74540 /* CPData.swift */,
				E4241C292AB086AC00C74540 /* CountryNumbers.json */,
				E4595B6C2ADECD59006A1263 /* DemoContacts.json */,
			);
			path = Data;
			sourceTree = "<group>";
		};
		E4595B6E2ADED7F2006A1263 /* Frameworks */ = {
			isa = PBXGroup;
			children = (
			);
			name = Frameworks;
			sourceTree = "<group>";
		};
		E4595B712ADEDED4006A1263 /* ViewModifiers */ = {
			isa = PBXGroup;
			children = (
				E4C8ED042AE6B6B500F98EF0 /* InputFieldViewModifier.swift */,
			);
			path = ViewModifiers;
			sourceTree = "<group>";
		};
		E4C8ECFB2AE6A35A00F98EF0 /* UI */ = {
			isa = PBXGroup;
			children = (
				E4C8ECFC2AE6A37300F98EF0 /* CircleImage.swift */,
				E4C8ECFE2AE6A9D000F98EF0 /* OnBoardingButtonStyle.swift */,
			);
			path = UI;
			sourceTree = "<group>";
		};
/* End PBXGroup section */

/* Begin PBXNativeTarget section */
		E412E0DB2AA604C9003C3F0B /* ContactApp */ = {
			isa = PBXNativeTarget;
			buildConfigurationList = E412E1002AA604CD003C3F0B /* Build configuration list for PBXNativeTarget "ContactApp" */;
			buildPhases = (
				E412E0D82AA604C9003C3F0B /* Sources */,
				E412E0D92AA604C9003C3F0B /* Frameworks */,
				E412E0DA2AA604C9003C3F0B /* Resources */,
			);
			buildRules = (
			);
			dependencies = (
			);
			name = ContactApp;
			packageProductDependencies = (
				E4595B6F2ADED7F2006A1263 /* KeychainSwift */,
			);
			productName = Lecture3;
			productReference = E412E0DC2AA604C9003C3F0B /* ContactApp.app */;
			productType = "com.apple.product-type.application";
		};
		E412E0EB2AA604CD003C3F0B /* ContactAppTests */ = {
			isa = PBXNativeTarget;
			buildConfigurationList = E412E1032AA604CD003C3F0B /* Build configuration list for PBXNativeTarget "ContactAppTests" */;
			buildPhases = (
				E412E0E82AA604CD003C3F0B /* Sources */,
				E412E0E92AA604CD003C3F0B /* Frameworks */,
				E412E0EA2AA604CD003C3F0B /* Resources */,
			);
			buildRules = (
			);
			dependencies = (
				E412E0EE2AA604CD003C3F0B /* PBXTargetDependency */,
			);
			name = ContactAppTests;
			productName = Lecture3Tests;
			productReference = E412E0EC2AA604CD003C3F0B /* ContactAppTests.xctest */;
			productType = "com.apple.product-type.bundle.unit-test";
		};
/* End PBXNativeTarget section */

/* Begin PBXProject section */
		E412E0D42AA604C9003C3F0B /* Project object */ = {
			isa = PBXProject;
			attributes = {
				BuildIndependentTargetsInParallel = 1;
				LastSwiftUpdateCheck = 1430;
				LastUpgradeCheck = 1430;
				TargetAttributes = {
					E412E0DB2AA604C9003C3F0B = {
						CreatedOnToolsVersion = 14.3.1;
					};
					E412E0EB2AA604CD003C3F0B = {
						CreatedOnToolsVersion = 14.3.1;
						TestTargetID = E412E0DB2AA604C9003C3F0B;
					};
				};
			};
			buildConfigurationList = E412E0D72AA604C9003C3F0B /* Build configuration list for PBXProject "ContactApp" */;
			compatibilityVersion = "Xcode 14.0";
			developmentRegion = en;
			hasScannedForEncodings = 0;
			knownRegions = (
				en,
				Base,
			);
			mainGroup = E412E0D32AA604C9003C3F0B;
			packageReferences = (
				E4EDA8702AC314C500BF2ADD /* XCRemoteSwiftPackageReference "keychain-swift" */,
			);
			productRefGroup = E412E0DD2AA604C9003C3F0B /* Products */;
			projectDirPath = "";
			projectRoot = "";
			targets = (
				E412E0DB2AA604C9003C3F0B /* ContactApp */,
				E412E0EB2AA604CD003C3F0B /* ContactAppTests */,
			);
		};
/* End PBXProject section */

/* Begin PBXResourcesBuildPhase section */
		E412E0DA2AA604C9003C3F0B /* Resources */ = {
			isa = PBXResourcesBuildPhase;
			buildActionMask = 2147483647;
			files = (
				E4241C2A2AB0AF2C00C74540 /* CountryNumbers.json in Resources */,
				E412E0E72AA604CC003C3F0B /* Preview Assets.xcassets in Resources */,
				E412E0E42AA604CC003C3F0B /* Assets.xcassets in Resources */,
				E4595B6D2ADECD5A006A1263 /* DemoContacts.json in Resources */,
			);
			runOnlyForDeploymentPostprocessing = 0;
		};
		E412E0EA2AA604CD003C3F0B /* Resources */ = {
			isa = PBXResourcesBuildPhase;
			buildActionMask = 2147483647;
			files = (
			);
			runOnlyForDeploymentPostprocessing = 0;
		};
/* End PBXResourcesBuildPhase section */

/* Begin PBXSourcesBuildPhase section */
		E412E0D82AA604C9003C3F0B /* Sources */ = {
			isa = PBXSourcesBuildPhase;
			buildActionMask = 2147483647;
			files = (
				E4595B732ADEDF85006A1263 /* FavoritesView.swift in Sources */,
				E4C8ED012AE6ABB700F98EF0 /* ListItemView.swift in Sources */,
				E4C8ED032AE6AFB100F98EF0 /* CountryCodesView.swift in Sources */,
				E4EDA86B2AC1D52900BF2ADD /* ProfileView.swift in Sources */,
				E4C8ECFF2AE6A9D000F98EF0 /* OnBoardingButtonStyle.swift in Sources */,
				E4241C242AB07C1700C74540 /* CPData.swift in Sources */,
				E412E10C2AA607BB003C3F0B /* ContactDetailView.swift in Sources */,
				E4EDA86D2AC1D6A000BF2ADD /* SettingsView.swift in Sources */,
				E46942A92AA65D22007D00F8 /* AddContactView.swift in Sources */,
				E412E10A2AA6059F003C3F0B /* Contact.swift in Sources */,
				E4241C262AB07F8A00C74540 /* Decoder.swift in Sources */,
				E4C8ECFD2AE6A37300F98EF0 /* CircleImage.swift in Sources */,
				E4C8ED052AE6B6B500F98EF0 /* InputFieldViewModifier.swift in Sources */,
				E412E0E22AA604C9003C3F0B /* ContactListView.swift in Sources */,
				E412E0E02AA604C9003C3F0B /* ContactApp.swift in Sources */,
			);
			runOnlyForDeploymentPostprocessing = 0;
		};
		E412E0E82AA604CD003C3F0B /* Sources */ = {
			isa = PBXSourcesBuildPhase;
			buildActionMask = 2147483647;
			files = (
				E412E0F12AA604CD003C3F0B /* ContactAppTests.swift in Sources */,
			);
			runOnlyForDeploymentPostprocessing = 0;
		};
/* End PBXSourcesBuildPhase section */

/* Begin PBXTargetDependency section */
		E412E0EE2AA604CD003C3F0B /* PBXTargetDependency */ = {
			isa = PBXTargetDependency;
			target = E412E0DB2AA604C9003C3F0B /* ContactApp */;
			targetProxy = E412E0ED2AA604CD003C3F0B /* PBXContainerItemProxy */;
		};
/* End PBXTargetDependency section */

/* Begin XCBuildConfiguration section */
		E412E0FE2AA604CD003C3F0B /* Debug */ = {
			isa = XCBuildConfiguration;
			buildSettings = {
				ALWAYS_SEARCH_USER_PATHS = NO;
				CLANG_ANALYZER_NONNULL = YES;
				CLANG_ANALYZER_NUMBER_OBJECT_CONVERSION = YES_AGGRESSIVE;
				CLANG_CXX_LANGUAGE_STANDARD = "gnu++20";
				CLANG_ENABLE_MODULES = YES;
				CLANG_ENABLE_OBJC_ARC = YES;
				CLANG_ENABLE_OBJC_WEAK = YES;
				CLANG_WARN_BLOCK_CAPTURE_AUTORELEASING = YES;
				CLANG_WARN_BOOL_CONVERSION = YES;
				CLANG_WARN_COMMA = YES;
				CLANG_WARN_CONSTANT_CONVERSION = YES;
				CLANG_WARN_DEPRECATED_OBJC_IMPLEMENTATIONS = YES;
				CLANG_WARN_DIRECT_OBJC_ISA_USAGE = YES_ERROR;
				CLANG_WARN_DOCUMENTATION_COMMENTS = YES;
				CLANG_WARN_EMPTY_BODY = YES;
				CLANG_WARN_ENUM_CONVERSION = YES;
				CLANG_WARN_INFINITE_RECURSION = YES;
				CLANG_WARN_INT_CONVERSION = YES;
				CLANG_WARN_NON_LITERAL_NULL_CONVERSION = YES;
				CLANG_WARN_OBJC_IMPLICIT_RETAIN_SELF = YES;
				CLANG_WARN_OBJC_LITERAL_CONVERSION = YES;
				CLANG_WARN_OBJC_ROOT_CLASS = YES_ERROR;
				CLANG_WARN_QUOTED_INCLUDE_IN_FRAMEWORK_HEADER = YES;
				CLANG_WARN_RANGE_LOOP_ANALYSIS = YES;
				CLANG_WARN_STRICT_PROTOTYPES = YES;
				CLANG_WARN_SUSPICIOUS_MOVE = YES;
				CLANG_WARN_UNGUARDED_AVAILABILITY = YES_AGGRESSIVE;
				CLANG_WARN_UNREACHABLE_CODE = YES;
				CLANG_WARN__DUPLICATE_METHOD_MATCH = YES;
				COPY_PHASE_STRIP = NO;
				DEBUG_INFORMATION_FORMAT = dwarf;
				ENABLE_STRICT_OBJC_MSGSEND = YES;
				ENABLE_TESTABILITY = YES;
				GCC_C_LANGUAGE_STANDARD = gnu11;
				GCC_DYNAMIC_NO_PIC = NO;
				GCC_NO_COMMON_BLOCKS = YES;
				GCC_OPTIMIZATION_LEVEL = 0;
				GCC_PREPROCESSOR_DEFINITIONS = (
					"DEBUG=1",
					"$(inherited)",
				);
				GCC_WARN_64_TO_32_BIT_CONVERSION = YES;
				GCC_WARN_ABOUT_RETURN_TYPE = YES_ERROR;
				GCC_WARN_UNDECLARED_SELECTOR = YES;
				GCC_WARN_UNINITIALIZED_AUTOS = YES_AGGRESSIVE;
				GCC_WARN_UNUSED_FUNCTION = YES;
				GCC_WARN_UNUSED_VARIABLE = YES;
				IPHONEOS_DEPLOYMENT_TARGET = 16.4;
				MTL_ENABLE_DEBUG_INFO = INCLUDE_SOURCE;
				MTL_FAST_MATH = YES;
				ONLY_ACTIVE_ARCH = YES;
				SDKROOT = iphoneos;
				SWIFT_ACTIVE_COMPILATION_CONDITIONS = DEBUG;
				SWIFT_OPTIMIZATION_LEVEL = "-Onone";
			};
			name = Debug;
		};
		E412E0FF2AA604CD003C3F0B /* Release */ = {
			isa = XCBuildConfiguration;
			buildSettings = {
				ALWAYS_SEARCH_USER_PATHS = NO;
				CLANG_ANALYZER_NONNULL = YES;
				CLANG_ANALYZER_NUMBER_OBJECT_CONVERSION = YES_AGGRESSIVE;
				CLANG_CXX_LANGUAGE_STANDARD = "gnu++20";
				CLANG_ENABLE_MODULES = YES;
				CLANG_ENABLE_OBJC_ARC = YES;
				CLANG_ENABLE_OBJC_WEAK = YES;
				CLANG_WARN_BLOCK_CAPTURE_AUTORELEASING = YES;
				CLANG_WARN_BOOL_CONVERSION = YES;
				CLANG_WARN_COMMA = YES;
				CLANG_WARN_CONSTANT_CONVERSION = YES;
				CLANG_WARN_DEPRECATED_OBJC_IMPLEMENTATIONS = YES;
				CLANG_WARN_DIRECT_OBJC_ISA_USAGE = YES_ERROR;
				CLANG_WARN_DOCUMENTATION_COMMENTS = YES;
				CLANG_WARN_EMPTY_BODY = YES;
				CLANG_WARN_ENUM_CONVERSION = YES;
				CLANG_WARN_INFINITE_RECURSION = YES;
				CLANG_WARN_INT_CONVERSION = YES;
				CLANG_WARN_NON_LITERAL_NULL_CONVERSION = YES;
				CLANG_WARN_OBJC_IMPLICIT_RETAIN_SELF = YES;
				CLANG_WARN_OBJC_LITERAL_CONVERSION = YES;
				CLANG_WARN_OBJC_ROOT_CLASS = YES_ERROR;
				CLANG_WARN_QUOTED_INCLUDE_IN_FRAMEWORK_HEADER = YES;
				CLANG_WARN_RANGE_LOOP_ANALYSIS = YES;
				CLANG_WARN_STRICT_PROTOTYPES = YES;
				CLANG_WARN_SUSPICIOUS_MOVE = YES;
				CLANG_WARN_UNGUARDED_AVAILABILITY = YES_AGGRESSIVE;
				CLANG_WARN_UNREACHABLE_CODE = YES;
				CLANG_WARN__DUPLICATE_METHOD_MATCH = YES;
				COPY_PHASE_STRIP = NO;
				DEBUG_INFORMATION_FORMAT = "dwarf-with-dsym";
				ENABLE_NS_ASSERTIONS = NO;
				ENABLE_STRICT_OBJC_MSGSEND = YES;
				GCC_C_LANGUAGE_STANDARD = gnu11;
				GCC_NO_COMMON_BLOCKS = YES;
				GCC_WARN_64_TO_32_BIT_CONVERSION = YES;
				GCC_WARN_ABOUT_RETURN_TYPE = YES_ERROR;
				GCC_WARN_UNDECLARED_SELECTOR = YES;
				GCC_WARN_UNINITIALIZED_AUTOS = YES_AGGRESSIVE;
				GCC_WARN_UNUSED_FUNCTION = YES;
				GCC_WARN_UNUSED_VARIABLE = YES;
				IPHONEOS_DEPLOYMENT_TARGET = 16.4;
				MTL_ENABLE_DEBUG_INFO = NO;
				MTL_FAST_MATH = YES;
				SDKROOT = iphoneos;
				SWIFT_COMPILATION_MODE = wholemodule;
				SWIFT_OPTIMIZATION_LEVEL = "-O";
				VALIDATE_PRODUCT = YES;
			};
			name = Release;
		};
		E412E1012AA604CD003C3F0B /* Debug */ = {
			isa = XCBuildConfiguration;
			buildSettings = {
				ASSETCATALOG_COMPILER_APPICON_NAME = AppIcon;
				ASSETCATALOG_COMPILER_GLOBAL_ACCENT_COLOR_NAME = AccentColor;
				CODE_SIGN_STYLE = Automatic;
				CURRENT_PROJECT_VERSION = 1;
				DEVELOPMENT_TEAM = MJBZJ6F9V3;
				ENABLE_PREVIEWS = YES;
				GENERATE_INFOPLIST_FILE = YES;
				INFOPLIST_KEY_UIApplicationSceneManifest_Generation = YES;
				INFOPLIST_KEY_UIApplicationSupportsIndirectInputEvents = YES;
				INFOPLIST_KEY_UILaunchScreen_Generation = YES;
				INFOPLIST_KEY_UISupportedInterfaceOrientations_iPad = "UIInterfaceOrientationPortrait UIInterfaceOrientationPortraitUpsideDown UIInterfaceOrientationLandscapeLeft UIInterfaceOrientationLandscapeRight";
				INFOPLIST_KEY_UISupportedInterfaceOrientations_iPhone = "UIInterfaceOrientationPortrait UIInterfaceOrientationLandscapeLeft UIInterfaceOrientationLandscapeRight";
				LD_RUNPATH_SEARCH_PATHS = (
					"$(inherited)",
					"@executable_path/Frameworks",
				);
				MARKETING_VERSION = 1.0;
				PRODUCT_BUNDLE_IDENTIFIER = PG5602.ContactApp;
				PRODUCT_NAME = "$(TARGET_NAME)";
				SWIFT_EMIT_LOC_STRINGS = YES;
				SWIFT_VERSION = 5.0;
				TARGETED_DEVICE_FAMILY = "1,2";
			};
			name = Debug;
		};
		E412E1022AA604CD003C3F0B /* Release */ = {
			isa = XCBuildConfiguration;
			buildSettings = {
				ASSETCATALOG_COMPILER_APPICON_NAME = AppIcon;
				ASSETCATALOG_COMPILER_GLOBAL_ACCENT_COLOR_NAME = AccentColor;
				CODE_SIGN_STYLE = Automatic;
				CURRENT_PROJECT_VERSION = 1;
				DEVELOPMENT_TEAM = MJBZJ6F9V3;
				ENABLE_PREVIEWS = YES;
				GENERATE_INFOPLIST_FILE = YES;
				INFOPLIST_KEY_UIApplicationSceneManifest_Generation = YES;
				INFOPLIST_KEY_UIApplicationSupportsIndirectInputEvents = YES;
				INFOPLIST_KEY_UILaunchScreen_Generation = YES;
				INFOPLIST_KEY_UISupportedInterfaceOrientations_iPad = "UIInterfaceOrientationPortrait UIInterfaceOrientationPortraitUpsideDown UIInterfaceOrientationLandscapeLeft UIInterfaceOrientationLandscapeRight";
				INFOPLIST_KEY_UISupportedInterfaceOrientations_iPhone = "UIInterfaceOrientationPortrait UIInterfaceOrientationLandscapeLeft UIInterfaceOrientationLandscapeRight";
				LD_RUNPATH_SEARCH_PATHS = (
					"$(inherited)",
					"@executable_path/Frameworks",
				);
				MARKETING_VERSION = 1.0;
				PRODUCT_BUNDLE_IDENTIFIER = PG5602.ContactApp;
				PRODUCT_NAME = "$(TARGET_NAME)";
				SWIFT_EMIT_LOC_STRINGS = YES;
				SWIFT_VERSION = 5.0;
				TARGETED_DEVICE_FAMILY = "1,2";
			};
			name = Release;
		};
		E412E1042AA604CD003C3F0B /* Debug */ = {
			isa = XCBuildConfiguration;
			buildSettings = {
				ALWAYS_EMBED_SWIFT_STANDARD_LIBRARIES = YES;
				BUNDLE_LOADER = "$(TEST_HOST)";
				CODE_SIGN_STYLE = Automatic;
				CURRENT_PROJECT_VERSION = 1;
				GENERATE_INFOPLIST_FILE = YES;
				IPHONEOS_DEPLOYMENT_TARGET = 16.4;
				MARKETING_VERSION = 1.0;
				PRODUCT_BUNDLE_IDENTIFIER = PG5602.Lecture3Tests;
				PRODUCT_NAME = "$(TARGET_NAME)";
				SWIFT_EMIT_LOC_STRINGS = NO;
				SWIFT_VERSION = 5.0;
				TARGETED_DEVICE_FAMILY = "1,2";
				TEST_HOST = "$(BUILT_PRODUCTS_DIR)/Lecture3.app/$(BUNDLE_EXECUTABLE_FOLDER_PATH)/Lecture3";
			};
			name = Debug;
		};
		E412E1052AA604CD003C3F0B /* Release */ = {
			isa = XCBuildConfiguration;
			buildSettings = {
				ALWAYS_EMBED_SWIFT_STANDARD_LIBRARIES = YES;
				BUNDLE_LOADER = "$(TEST_HOST)";
				CODE_SIGN_STYLE = Automatic;
				CURRENT_PROJECT_VERSION = 1;
				GENERATE_INFOPLIST_FILE = YES;
				IPHONEOS_DEPLOYMENT_TARGET = 16.4;
				MARKETING_VERSION = 1.0;
				PRODUCT_BUNDLE_IDENTIFIER = PG5602.Lecture3Tests;
				PRODUCT_NAME = "$(TARGET_NAME)";
				SWIFT_EMIT_LOC_STRINGS = NO;
				SWIFT_VERSION = 5.0;
				TARGETED_DEVICE_FAMILY = "1,2";
				TEST_HOST = "$(BUILT_PRODUCTS_DIR)/Lecture3.app/$(BUNDLE_EXECUTABLE_FOLDER_PATH)/Lecture3";
			};
			name = Release;
		};
/* End XCBuildConfiguration section */

/* Begin XCConfigurationList section */
		E412E0D72AA604C9003C3F0B /* Build configuration list for PBXProject "ContactApp" */ = {
			isa = XCConfigurationList;
			buildConfigurations = (
				E412E0FE2AA604CD003C3F0B /* Debug */,
				E412E0FF2AA604CD003C3F0B /* Release */,
			);
			defaultConfigurationIsVisible = 0;
			defaultConfigurationName = Release;
		};
		E412E1002AA604CD003C3F0B /* Build configuration list for PBXNativeTarget "ContactApp" */ = {
			isa = XCConfigurationList;
			buildConfigurations = (
				E412E1012AA604CD003C3F0B /* Debug */,
				E412E1022AA604CD003C3F0B /* Release */,
			);
			defaultConfigurationIsVisible = 0;
			defaultConfigurationName = Release;
		};
		E412E1032AA604CD003C3F0B /* Build configuration list for PBXNativeTarget "ContactAppTests" */ = {
			isa = XCConfigurationList;
			buildConfigurations = (
				E412E1042AA604CD003C3F0B /* Debug */,
				E412E1052AA604CD003C3F0B /* Release */,
			);
			defaultConfigurationIsVisible = 0;
			defaultConfigurationName = Release;
		};
/* End XCConfigurationList section */

/* Begin XCRemoteSwiftPackageReference section */
		E4EDA8702AC314C500BF2ADD /* XCRemoteSwiftPackageReference "keychain-swift" */ = {
			isa = XCRemoteSwiftPackageReference;
			repositoryURL = "https://github.com/evgenyneu/keychain-swift.git";
			requirement = {
				kind = upToNextMajorVersion;
				minimumVersion = 20.0.0;
			};
		};
/* End XCRemoteSwiftPackageReference section */

/* Begin XCSwiftPackageProductDependency section */
		E4595B6F2ADED7F2006A1263 /* KeychainSwift */ = {
			isa = XCSwiftPackageProductDependency;
			package = E4EDA8702AC314C500BF2ADD /* XCRemoteSwiftPackageReference "keychain-swift" */;
			productName = KeychainSwift;
		};
/* End XCSwiftPackageProductDependency section */
	};
	rootObject = E412E0D42AA604C9003C3F0B /* Project object */;
}
